// !$*UTF8*$!
{
	archiveVersion = 1;
	classes = {
	};
	objectVersion = 50;
	objects = {

/* Begin PBXBuildFile section */
		C110E53123D486AE00AB7E09 /* AppSettings.swift in Sources */ = {isa = PBXBuildFile; fileRef = C110E53023D486AE00AB7E09 /* AppSettings.swift */; };
		C110E53523D490F400AB7E09 /* AppSettingsViewController.swift in Sources */ = {isa = PBXBuildFile; fileRef = C110E53423D490F400AB7E09 /* AppSettingsViewController.swift */; };
		C138B84723C4B9CB00D05A80 /* AppDelegate.swift in Sources */ = {isa = PBXBuildFile; fileRef = C138B84623C4B9CB00D05A80 /* AppDelegate.swift */; };
		C138B84923C4B9CB00D05A80 /* SceneDelegate.swift in Sources */ = {isa = PBXBuildFile; fileRef = C138B84823C4B9CB00D05A80 /* SceneDelegate.swift */; };
		C138B84B23C4B9CB00D05A80 /* QuestionViewController.swift in Sources */ = {isa = PBXBuildFile; fileRef = C138B84A23C4B9CB00D05A80 /* QuestionViewController.swift */; };
		C138B84E23C4B9CB00D05A80 /* Main.storyboard in Resources */ = {isa = PBXBuildFile; fileRef = C138B84C23C4B9CB00D05A80 /* Main.storyboard */; };
		C138B86023C4BD9A00D05A80 /* Question.swift in Sources */ = {isa = PBXBuildFile; fileRef = C138B85F23C4BD9A00D05A80 /* Question.swift */; };
		C138B86223C4BE9000D05A80 /* QuestionGroup.swift in Sources */ = {isa = PBXBuildFile; fileRef = C138B86123C4BE9000D05A80 /* QuestionGroup.swift */; };
		C138B86623C4C03C00D05A80 /* LaunchScreen.storyboard in Resources */ = {isa = PBXBuildFile; fileRef = C138B86523C4C03C00D05A80 /* LaunchScreen.storyboard */; };
		C138B86823C4C1F200D05A80 /* Assets.xcassets in Resources */ = {isa = PBXBuildFile; fileRef = C138B86723C4C1F100D05A80 /* Assets.xcassets */; };
		C138B86A23C4C4C400D05A80 /* QuestionView.swift in Sources */ = {isa = PBXBuildFile; fileRef = C138B86923C4C4C400D05A80 /* QuestionView.swift */; };
		C177E28323D03BF000A47F10 /* QuestionStrategy.swift in Sources */ = {isa = PBXBuildFile; fileRef = C177E28223D03BF000A47F10 /* QuestionStrategy.swift */; };
		C177E28523D0545A00A47F10 /* SequentialQuestionStrategy.swift in Sources */ = {isa = PBXBuildFile; fileRef = C177E28423D0545A00A47F10 /* SequentialQuestionStrategy.swift */; };
		C177E28723D0572000A47F10 /* RandomQuestionStrategy.swift in Sources */ = {isa = PBXBuildFile; fileRef = C177E28623D0572000A47F10 /* RandomQuestionStrategy.swift */; };
		C17AD2E023CDBF2400E402FF /* SelectQuestionGroupViewController.swift in Sources */ = {isa = PBXBuildFile; fileRef = C17AD2DF23CDBF2400E402FF /* SelectQuestionGroupViewController.swift */; };
		C17AD2E223CDCF7D00E402FF /* QuestionGroupCell.swift in Sources */ = {isa = PBXBuildFile; fileRef = C17AD2E123CDCF7D00E402FF /* QuestionGroupCell.swift */; };
		C199125C23D5D76500535E35 /* DiskCareTaker.swift in Sources */ = {isa = PBXBuildFile; fileRef = C199125B23D5D76500535E35 /* DiskCareTaker.swift */; };
		C199125E23D5DEED00535E35 /* QuestionGroupCareTaker.swift in Sources */ = {isa = PBXBuildFile; fileRef = C199125D23D5DEED00535E35 /* QuestionGroupCareTaker.swift */; };
		C199126023D5E30300535E35 /* QuestionGroupData.json in Resources */ = {isa = PBXBuildFile; fileRef = C199125F23D5E30300535E35 /* QuestionGroupData.json */; };
		C199126223D5E60500535E35 /* BaseQuestionStrategy.swift in Sources */ = {isa = PBXBuildFile; fileRef = C199126123D5E60500535E35 /* BaseQuestionStrategy.swift */; };
/* End PBXBuildFile section */

/* Begin PBXFileReference section */
		C110E53023D486AE00AB7E09 /* AppSettings.swift */ = {isa = PBXFileReference; lastKnownFileType = sourcecode.swift; path = AppSettings.swift; sourceTree = "<group>"; };
		C110E53423D490F400AB7E09 /* AppSettingsViewController.swift */ = {isa = PBXFileReference; lastKnownFileType = sourcecode.swift; path = AppSettingsViewController.swift; sourceTree = "<group>"; };
		C138B84323C4B9CB00D05A80 /* RabbleWabble.app */ = {isa = PBXFileReference; explicitFileType = wrapper.application; includeInIndex = 0; path = RabbleWabble.app; sourceTree = BUILT_PRODUCTS_DIR; };
		C138B84623C4B9CB00D05A80 /* AppDelegate.swift */ = {isa = PBXFileReference; lastKnownFileType = sourcecode.swift; path = AppDelegate.swift; sourceTree = "<group>"; };
		C138B84823C4B9CB00D05A80 /* SceneDelegate.swift */ = {isa = PBXFileReference; lastKnownFileType = sourcecode.swift; path = SceneDelegate.swift; sourceTree = "<group>"; };
		C138B84A23C4B9CB00D05A80 /* QuestionViewController.swift */ = {isa = PBXFileReference; lastKnownFileType = sourcecode.swift; path = QuestionViewController.swift; sourceTree = "<group>"; };
		C138B84D23C4B9CB00D05A80 /* Base */ = {isa = PBXFileReference; lastKnownFileType = file.storyboard; name = Base; path = Base.lproj/Main.storyboard; sourceTree = "<group>"; };
		C138B85423C4B9CF00D05A80 /* Info.plist */ = {isa = PBXFileReference; lastKnownFileType = text.plist.xml; path = Info.plist; sourceTree = "<group>"; };
		C138B85F23C4BD9A00D05A80 /* Question.swift */ = {isa = PBXFileReference; lastKnownFileType = sourcecode.swift; path = Question.swift; sourceTree = "<group>"; };
		C138B86123C4BE9000D05A80 /* QuestionGroup.swift */ = {isa = PBXFileReference; lastKnownFileType = sourcecode.swift; path = QuestionGroup.swift; sourceTree = "<group>"; };
		C138B86523C4C03C00D05A80 /* LaunchScreen.storyboard */ = {isa = PBXFileReference; fileEncoding = 4; lastKnownFileType = file.storyboard; path = LaunchScreen.storyboard; sourceTree = "<group>"; };
		C138B86723C4C1F100D05A80 /* Assets.xcassets */ = {isa = PBXFileReference; lastKnownFileType = folder.assetcatalog; path = Assets.xcassets; sourceTree = "<group>"; };
		C138B86923C4C4C400D05A80 /* QuestionView.swift */ = {isa = PBXFileReference; lastKnownFileType = sourcecode.swift; path = QuestionView.swift; sourceTree = "<group>"; };
		C177E28223D03BF000A47F10 /* QuestionStrategy.swift */ = {isa = PBXFileReference; lastKnownFileType = sourcecode.swift; path = QuestionStrategy.swift; sourceTree = "<group>"; };
		C177E28423D0545A00A47F10 /* SequentialQuestionStrategy.swift */ = {isa = PBXFileReference; lastKnownFileType = sourcecode.swift; path = SequentialQuestionStrategy.swift; sourceTree = "<group>"; };
		C177E28623D0572000A47F10 /* RandomQuestionStrategy.swift */ = {isa = PBXFileReference; lastKnownFileType = sourcecode.swift; path = RandomQuestionStrategy.swift; sourceTree = "<group>"; };
		C17AD2DF23CDBF2400E402FF /* SelectQuestionGroupViewController.swift */ = {isa = PBXFileReference; lastKnownFileType = sourcecode.swift; path = SelectQuestionGroupViewController.swift; sourceTree = "<group>"; };
		C17AD2E123CDCF7D00E402FF /* QuestionGroupCell.swift */ = {isa = PBXFileReference; lastKnownFileType = sourcecode.swift; path = QuestionGroupCell.swift; sourceTree = "<group>"; };
		C199125B23D5D76500535E35 /* DiskCareTaker.swift */ = {isa = PBXFileReference; lastKnownFileType = sourcecode.swift; path = DiskCareTaker.swift; sourceTree = "<group>"; };
		C199125D23D5DEED00535E35 /* QuestionGroupCareTaker.swift */ = {isa = PBXFileReference; lastKnownFileType = sourcecode.swift; path = QuestionGroupCareTaker.swift; sourceTree = "<group>"; };
		C199125F23D5E30300535E35 /* QuestionGroupData.json */ = {isa = PBXFileReference; fileEncoding = 4; lastKnownFileType = text.json; path = QuestionGroupData.json; sourceTree = "<group>"; };
		C199126123D5E60500535E35 /* BaseQuestionStrategy.swift */ = {isa = PBXFileReference; lastKnownFileType = sourcecode.swift; path = BaseQuestionStrategy.swift; sourceTree = "<group>"; };
/* End PBXFileReference section */

/* Begin PBXFrameworksBuildPhase section */
		C138B84023C4B9CB00D05A80 /* Frameworks */ = {
			isa = PBXFrameworksBuildPhase;
			buildActionMask = 2147483647;
			files = (
			);
			runOnlyForDeploymentPostprocessing = 0;
		};
/* End PBXFrameworksBuildPhase section */

/* Begin PBXGroup section */
		C138B83A23C4B9CB00D05A80 = {
			isa = PBXGroup;
			children = (
				C138B84523C4B9CB00D05A80 /* RabbleWabble */,
				C138B84423C4B9CB00D05A80 /* Products */,
			);
			sourceTree = "<group>";
		};
		C138B84423C4B9CB00D05A80 /* Products */ = {
			isa = PBXGroup;
			children = (
				C138B84323C4B9CB00D05A80 /* RabbleWabble.app */,
			);
			name = Products;
			sourceTree = "<group>";
		};
		C138B84523C4B9CB00D05A80 /* RabbleWabble */ = {
			isa = PBXGroup;
			children = (
				C138B85A23C4BB0400D05A80 /* AppDelegate */,
				C138B85B23C4BC0E00D05A80 /* Controllers */,
				C138B85E23C4BC2700D05A80 /* Views */,
				C138B85C23C4BC1700D05A80 /* Models */,
				C177E28123D03B3400A47F10 /* Strategies */,
				C199125A23D5D71100535E35 /* CareTakers */,
				C138B85D23C4BC2000D05A80 /* Resources */,
			);
			path = RabbleWabble;
			sourceTree = "<group>";
		};
		C138B85A23C4BB0400D05A80 /* AppDelegate */ = {
			isa = PBXGroup;
			children = (
				C138B84623C4B9CB00D05A80 /* AppDelegate.swift */,
				C138B84823C4B9CB00D05A80 /* SceneDelegate.swift */,
			);
			path = AppDelegate;
			sourceTree = "<group>";
		};
		C138B85B23C4BC0E00D05A80 /* Controllers */ = {
			isa = PBXGroup;
			children = (
				C138B84A23C4B9CB00D05A80 /* QuestionViewController.swift */,
				C17AD2DF23CDBF2400E402FF /* SelectQuestionGroupViewController.swift */,
				C110E53423D490F400AB7E09 /* AppSettingsViewController.swift */,
			);
			path = Controllers;
			sourceTree = "<group>";
		};
		C138B85C23C4BC1700D05A80 /* Models */ = {
			isa = PBXGroup;
			children = (
				C138B85F23C4BD9A00D05A80 /* Question.swift */,
				C138B86123C4BE9000D05A80 /* QuestionGroup.swift */,
				C110E53023D486AE00AB7E09 /* AppSettings.swift */,
			);
			path = Models;
			sourceTree = "<group>";
		};
		C138B85D23C4BC2000D05A80 /* Resources */ = {
			isa = PBXGroup;
			children = (
				C199125F23D5E30300535E35 /* QuestionGroupData.json */,
				C138B86723C4C1F100D05A80 /* Assets.xcassets */,
				C138B85423C4B9CF00D05A80 /* Info.plist */,
			);
			path = Resources;
			sourceTree = "<group>";
		};
		C138B85E23C4BC2700D05A80 /* Views */ = {
			isa = PBXGroup;
			children = (
				C138B86923C4C4C400D05A80 /* QuestionView.swift */,
				C17AD2E123CDCF7D00E402FF /* QuestionGroupCell.swift */,
				C138B84C23C4B9CB00D05A80 /* Main.storyboard */,
				C138B86523C4C03C00D05A80 /* LaunchScreen.storyboard */,
			);
			path = Views;
			sourceTree = "<group>";
		};
		C177E28123D03B3400A47F10 /* Strategies */ = {
			isa = PBXGroup;
			children = (
				C177E28223D03BF000A47F10 /* QuestionStrategy.swift */,
				C177E28423D0545A00A47F10 /* SequentialQuestionStrategy.swift */,
				C177E28623D0572000A47F10 /* RandomQuestionStrategy.swift */,
				C199126123D5E60500535E35 /* BaseQuestionStrategy.swift */,
			);
			path = Strategies;
			sourceTree = "<group>";
		};
		C199125A23D5D71100535E35 /* CareTakers */ = {
			isa = PBXGroup;
			children = (
				C199125B23D5D76500535E35 /* DiskCareTaker.swift */,
				C199125D23D5DEED00535E35 /* QuestionGroupCareTaker.swift */,
			);
			path = CareTakers;
			sourceTree = "<group>";
		};
/* End PBXGroup section */

/* Begin PBXNativeTarget section */
		C138B84223C4B9CB00D05A80 /* RabbleWabble */ = {
			isa = PBXNativeTarget;
			buildConfigurationList = C138B85723C4B9CF00D05A80 /* Build configuration list for PBXNativeTarget "RabbleWabble" */;
			buildPhases = (
				C138B83F23C4B9CB00D05A80 /* Sources */,
				C138B84023C4B9CB00D05A80 /* Frameworks */,
				C138B84123C4B9CB00D05A80 /* Resources */,
			);
			buildRules = (
			);
			dependencies = (
			);
			name = RabbleWabble;
			productName = RabbleWabble;
			productReference = C138B84323C4B9CB00D05A80 /* RabbleWabble.app */;
			productType = "com.apple.product-type.application";
		};
/* End PBXNativeTarget section */

/* Begin PBXProject section */
		C138B83B23C4B9CB00D05A80 /* Project object */ = {
			isa = PBXProject;
			attributes = {
				LastSwiftUpdateCheck = 1130;
				LastUpgradeCheck = 1130;
				ORGANIZATIONNAME = gaoyongxiao;
				TargetAttributes = {
					C138B84223C4B9CB00D05A80 = {
						CreatedOnToolsVersion = 11.3;
					};
				};
			};
			buildConfigurationList = C138B83E23C4B9CB00D05A80 /* Build configuration list for PBXProject "RabbleWabble" */;
			compatibilityVersion = "Xcode 9.3";
			developmentRegion = en;
			hasScannedForEncodings = 0;
			knownRegions = (
				en,
				Base,
			);
			mainGroup = C138B83A23C4B9CB00D05A80;
			productRefGroup = C138B84423C4B9CB00D05A80 /* Products */;
			projectDirPath = "";
			projectRoot = "";
			targets = (
				C138B84223C4B9CB00D05A80 /* RabbleWabble */,
			);
		};
/* End PBXProject section */

/* Begin PBXResourcesBuildPhase section */
		C138B84123C4B9CB00D05A80 /* Resources */ = {
			isa = PBXResourcesBuildPhase;
			buildActionMask = 2147483647;
			files = (
				C138B86623C4C03C00D05A80 /* LaunchScreen.storyboard in Resources */,
				C199126023D5E30300535E35 /* QuestionGroupData.json in Resources */,
				C138B86823C4C1F200D05A80 /* Assets.xcassets in Resources */,
				C138B84E23C4B9CB00D05A80 /* Main.storyboard in Resources */,
			);
			runOnlyForDeploymentPostprocessing = 0;
		};
/* End PBXResourcesBuildPhase section */

/* Begin PBXSourcesBuildPhase section */
		C138B83F23C4B9CB00D05A80 /* Sources */ = {
			isa = PBXSourcesBuildPhase;
			buildActionMask = 2147483647;
			files = (
				C110E53123D486AE00AB7E09 /* AppSettings.swift in Sources */,
				C138B84B23C4B9CB00D05A80 /* QuestionViewController.swift in Sources */,
				C138B86023C4BD9A00D05A80 /* Question.swift in Sources */,
				C138B84723C4B9CB00D05A80 /* AppDelegate.swift in Sources */,
				C138B86A23C4C4C400D05A80 /* QuestionView.swift in Sources */,
				C17AD2E223CDCF7D00E402FF /* QuestionGroupCell.swift in Sources */,
				C177E28523D0545A00A47F10 /* SequentialQuestionStrategy.swift in Sources */,
				C177E28723D0572000A47F10 /* RandomQuestionStrategy.swift in Sources */,
				C199125C23D5D76500535E35 /* DiskCareTaker.swift in Sources */,
				C177E28323D03BF000A47F10 /* QuestionStrategy.swift in Sources */,
				C138B86223C4BE9000D05A80 /* QuestionGroup.swift in Sources */,
				C199126223D5E60500535E35 /* BaseQuestionStrategy.swift in Sources */,
				C110E53523D490F400AB7E09 /* AppSettingsViewController.swift in Sources */,
				C17AD2E023CDBF2400E402FF /* SelectQuestionGroupViewController.swift in Sources */,
				C199125E23D5DEED00535E35 /* QuestionGroupCareTaker.swift in Sources */,
				C138B84923C4B9CB00D05A80 /* SceneDelegate.swift in Sources */,
			);
			runOnlyForDeploymentPostprocessing = 0;
		};
/* End PBXSourcesBuildPhase section */

/* Begin PBXVariantGroup section */
		C138B84C23C4B9CB00D05A80 /* Main.storyboard */ = {
			isa = PBXVariantGroup;
			children = (
				C138B84D23C4B9CB00D05A80 /* Base */,
			);
			name = Main.storyboard;
			sourceTree = "<group>";
		};
/* End PBXVariantGroup section */

/* Begin XCBuildConfiguration section */
		C138B85523C4B9CF00D05A80 /* Debug */ = {
			isa = XCBuildConfiguration;
			buildSettings = {
				ALWAYS_SEARCH_USER_PATHS = NO;
				CLANG_ANALYZER_NONNULL = YES;
				CLANG_ANALYZER_NUMBER_OBJECT_CONVERSION = YES_AGGRESSIVE;
				CLANG_CXX_LANGUAGE_STANDARD = "gnu++14";
				CLANG_CXX_LIBRARY = "libc++";
				CLANG_ENABLE_MODULES = YES;
				CLANG_ENABLE_OBJC_ARC = YES;
				CLANG_ENABLE_OBJC_WEAK = YES;
				CLANG_WARN_BLOCK_CAPTURE_AUTORELEASING = YES;
				CLANG_WARN_BOOL_CONVERSION = YES;
				CLANG_WARN_COMMA = YES;
				CLANG_WARN_CONSTANT_CONVERSION = YES;
				CLANG_WARN_DEPRECATED_OBJC_IMPLEMENTATIONS = YES;
				CLANG_WARN_DIRECT_OBJC_ISA_USAGE = YES_ERROR;
				CLANG_WARN_DOCUMENTATION_COMMENTS = YES;
				CLANG_WARN_EMPTY_BODY = YES;
				CLANG_WARN_ENUM_CONVERSION = YES;
				CLANG_WARN_INFINITE_RECURSION = YES;
				CLANG_WARN_INT_CONVERSION = YES;
				CLANG_WARN_NON_LITERAL_NULL_CONVERSION = YES;
				CLANG_WARN_OBJC_IMPLICIT_RETAIN_SELF = YES;
				CLANG_WARN_OBJC_LITERAL_CONVERSION = YES;
				CLANG_WARN_OBJC_ROOT_CLASS = YES_ERROR;
				CLANG_WARN_RANGE_LOOP_ANALYSIS = YES;
				CLANG_WARN_STRICT_PROTOTYPES = YES;
				CLANG_WARN_SUSPICIOUS_MOVE = YES;
				CLANG_WARN_UNGUARDED_AVAILABILITY = YES_AGGRESSIVE;
				CLANG_WARN_UNREACHABLE_CODE = YES;
				CLANG_WARN__DUPLICATE_METHOD_MATCH = YES;
				COPY_PHASE_STRIP = NO;
				DEBUG_INFORMATION_FORMAT = dwarf;
				ENABLE_STRICT_OBJC_MSGSEND = YES;
				ENABLE_TESTABILITY = YES;
				GCC_C_LANGUAGE_STANDARD = gnu11;
				GCC_DYNAMIC_NO_PIC = NO;
				GCC_NO_COMMON_BLOCKS = YES;
				GCC_OPTIMIZATION_LEVEL = 0;
				GCC_PREPROCESSOR_DEFINITIONS = (
					"DEBUG=1",
					"$(inherited)",
				);
				GCC_WARN_64_TO_32_BIT_CONVERSION = YES;
				GCC_WARN_ABOUT_RETURN_TYPE = YES_ERROR;
				GCC_WARN_UNDECLARED_SELECTOR = YES;
				GCC_WARN_UNINITIALIZED_AUTOS = YES_AGGRESSIVE;
				GCC_WARN_UNUSED_FUNCTION = YES;
				GCC_WARN_UNUSED_VARIABLE = YES;
				IPHONEOS_DEPLOYMENT_TARGET = 13.2;
				MTL_ENABLE_DEBUG_INFO = INCLUDE_SOURCE;
				MTL_FAST_MATH = YES;
				ONLY_ACTIVE_ARCH = YES;
				SDKROOT = iphoneos;
				SWIFT_ACTIVE_COMPILATION_CONDITIONS = DEBUG;
				SWIFT_OPTIMIZATION_LEVEL = "-Onone";
			};
			name = Debug;
		};
		C138B85623C4B9CF00D05A80 /* Release */ = {
			isa = XCBuildConfiguration;
			buildSettings = {
				ALWAYS_SEARCH_USER_PATHS = NO;
				CLANG_ANALYZER_NONNULL = YES;
				CLANG_ANALYZER_NUMBER_OBJECT_CONVERSION = YES_AGGRESSIVE;
				CLANG_CXX_LANGUAGE_STANDARD = "gnu++14";
				CLANG_CXX_LIBRARY = "libc++";
				CLANG_ENABLE_MODULES = YES;
				CLANG_ENABLE_OBJC_ARC = YES;
				CLANG_ENABLE_OBJC_WEAK = YES;
				CLANG_WARN_BLOCK_CAPTURE_AUTORELEASING = YES;
				CLANG_WARN_BOOL_CONVERSION = YES;
				CLANG_WARN_COMMA = YES;
				CLANG_WARN_CONSTANT_CONVERSION = YES;
				CLANG_WARN_DEPRECATED_OBJC_IMPLEMENTATIONS = YES;
				CLANG_WARN_DIRECT_OBJC_ISA_USAGE = YES_ERROR;
				CLANG_WARN_DOCUMENTATION_COMMENTS = YES;
				CLANG_WARN_EMPTY_BODY = YES;
				CLANG_WARN_ENUM_CONVERSION = YES;
				CLANG_WARN_INFINITE_RECURSION = YES;
				CLANG_WARN_INT_CONVERSION = YES;
				CLANG_WARN_NON_LITERAL_NULL_CONVERSION = YES;
				CLANG_WARN_OBJC_IMPLICIT_RETAIN_SELF = YES;
				CLANG_WARN_OBJC_LITERAL_CONVERSION = YES;
				CLANG_WARN_OBJC_ROOT_CLASS = YES_ERROR;
				CLANG_WARN_RANGE_LOOP_ANALYSIS = YES;
				CLANG_WARN_STRICT_PROTOTYPES = YES;
				CLANG_WARN_SUSPICIOUS_MOVE = YES;
				CLANG_WARN_UNGUARDED_AVAILABILITY = YES_AGGRESSIVE;
				CLANG_WARN_UNREACHABLE_CODE = YES;
				CLANG_WARN__DUPLICATE_METHOD_MATCH = YES;
				COPY_PHASE_STRIP = NO;
				DEBUG_INFORMATION_FORMAT = "dwarf-with-dsym";
				ENABLE_NS_ASSERTIONS = NO;
				ENABLE_STRICT_OBJC_MSGSEND = YES;
				GCC_C_LANGUAGE_STANDARD = gnu11;
				GCC_NO_COMMON_BLOCKS = YES;
				GCC_WARN_64_TO_32_BIT_CONVERSION = YES;
				GCC_WARN_ABOUT_RETURN_TYPE = YES_ERROR;
				GCC_WARN_UNDECLARED_SELECTOR = YES;
				GCC_WARN_UNINITIALIZED_AUTOS = YES_AGGRESSIVE;
				GCC_WARN_UNUSED_FUNCTION = YES;
				GCC_WARN_UNUSED_VARIABLE = YES;
				IPHONEOS_DEPLOYMENT_TARGET = 13.2;
				MTL_ENABLE_DEBUG_INFO = NO;
				MTL_FAST_MATH = YES;
				SDKROOT = iphoneos;
				SWIFT_COMPILATION_MODE = wholemodule;
				SWIFT_OPTIMIZATION_LEVEL = "-O";
				VALIDATE_PRODUCT = YES;
			};
			name = Release;
		};
		C138B85823C4B9CF00D05A80 /* Debug */ = {
			isa = XCBuildConfiguration;
			buildSettings = {
				ASSETCATALOG_COMPILER_APPICON_NAME = AppIcon;
				CODE_SIGN_STYLE = Automatic;
				DEVELOPMENT_TEAM = L225J6UWE9;
				INFOPLIST_FILE = RabbleWabble/Resources/Info.plist;
				LD_RUNPATH_SEARCH_PATHS = (
					"$(inherited)",
					"@executable_path/Frameworks",
				);
				PRODUCT_BUNDLE_IDENTIFIER = com.passaction.RabbleWabble;
				PRODUCT_NAME = "$(TARGET_NAME)";
				SWIFT_VERSION = 5.0;
				TARGETED_DEVICE_FAMILY = "1,2";
			};
			name = Debug;
		};
		C138B85923C4B9CF00D05A80 /* Release */ = {
			isa = XCBuildConfiguration;
			buildSettings = {
				ASSETCATALOG_COMPILER_APPICON_NAME = AppIcon;
				CODE_SIGN_STYLE = Automatic;
				DEVELOPMENT_TEAM = L225J6UWE9;
				INFOPLIST_FILE = RabbleWabble/Resources/Info.plist;
				LD_RUNPATH_SEARCH_PATHS = (
					"$(inherited)",
					"@executable_path/Frameworks",
				);
				PRODUCT_BUNDLE_IDENTIFIER = com.passaction.RabbleWabble;
				PRODUCT_NAME = "$(TARGET_NAME)";
				SWIFT_VERSION = 5.0;
				TARGETED_DEVICE_FAMILY = "1,2";
			};
			name = Release;
		};
/* End XCBuildConfiguration section */

/* Begin XCConfigurationList section */
		C138B83E23C4B9CB00D05A80 /* Build configuration list for PBXProject "RabbleWabble" */ = {
			isa = XCConfigurationList;
			buildConfigurations = (
				C138B85523C4B9CF00D05A80 /* Debug */,
				C138B85623C4B9CF00D05A80 /* Release */,
			);
			defaultConfigurationIsVisible = 0;
			defaultConfigurationName = Release;
		};
		C138B85723C4B9CF00D05A80 /* Build configuration list for PBXNativeTarget "RabbleWabble" */ = {
			isa = XCConfigurationList;
			buildConfigurations = (
				C138B85823C4B9CF00D05A80 /* Debug */,
				C138B85923C4B9CF00D05A80 /* Release */,
			);
			defaultConfigurationIsVisible = 0;
			defaultConfigurationName = Release;
		};
/* End XCConfigurationList section */
	};
	rootObject = C138B83B23C4B9CB00D05A80 /* Project object */;
}
